{
  "requires": true,
  "lockfileVersion": 1,
  "dependencies": {
    "bootstrap-scss": {
      "version": "4.5.0",
      "resolved": "https://registry.npmjs.org/bootstrap-scss/-/bootstrap-scss-4.5.0.tgz",
      "integrity": "sha512-6vCW3JBfOW7v9EQwyV0kWdEyvk2hf7U8TIojRgz19/nJoJGe8BQa1L/Tk7B0wmKEqHR/lA93Lhp+dLRphZt3vg=="
    }
  }
}
